// !$*UTF8*$!
{
	archiveVersion = 1;
	classes = {
	};
	objectVersion = 77;
	objects = {

/* Begin PBXContainerItemProxy section */
		29FEFA722CFDC9F8008BC0CC /* PBXContainerItemProxy */ = {
			isa = PBXContainerItemProxy;
			containerPortal = 29FEFA572CFDC9F6008BC0CC /* Project object */;
			proxyType = 1;
			remoteGlobalIDString = 29FEFA5E2CFDC9F6008BC0CC;
			remoteInfo = SwiftDataMVVM;
		};
		29FEFA7C2CFDC9F8008BC0CC /* PBXContainerItemProxy */ = {
			isa = PBXContainerItemProxy;
			containerPortal = 29FEFA572CFDC9F6008BC0CC /* Project object */;
			proxyType = 1;
			remoteGlobalIDString = 29FEFA5E2CFDC9F6008BC0CC;
			remoteInfo = SwiftDataMVVM;
		};
/* End PBXContainerItemProxy section */

/* Begin PBXFileReference section */
		29FEFA5F2CFDC9F6008BC0CC /* SwiftDataMVVM.app */ = {isa = PBXFileReference; explicitFileType = wrapper.application; includeInIndex = 0; path = SwiftDataMVVM.app; sourceTree = BUILT_PRODUCTS_DIR; };
		29FEFA712CFDC9F8008BC0CC /* SwiftDataMVVMTests.xctest */ = {isa = PBXFileReference; explicitFileType = wrapper.cfbundle; includeInIndex = 0; path = SwiftDataMVVMTests.xctest; sourceTree = BUILT_PRODUCTS_DIR; };
		29FEFA7B2CFDC9F8008BC0CC /* SwiftDataMVVMUITests.xctest */ = {isa = PBXFileReference; explicitFileType = wrapper.cfbundle; includeInIndex = 0; path = SwiftDataMVVMUITests.xctest; sourceTree = BUILT_PRODUCTS_DIR; };
/* End PBXFileReference section */

/* Begin PBXFileSystemSynchronizedRootGroup section */
		29FEFA612CFDC9F6008BC0CC /* SwiftDataMVVM */ = {
			isa = PBXFileSystemSynchronizedRootGroup;
			path = SwiftDataMVVM;
			sourceTree = "<group>";
		};
		29FEFA742CFDC9F8008BC0CC /* SwiftDataMVVMTests */ = {
			isa = PBXFileSystemSynchronizedRootGroup;
			path = SwiftDataMVVMTests;
			sourceTree = "<group>";
		};
		29FEFA7E2CFDC9F8008BC0CC /* SwiftDataMVVMUITests */ = {
			isa = PBXFileSystemSynchronizedRootGroup;
			path = SwiftDataMVVMUITests;
			sourceTree = "<group>";
		};
/* End PBXFileSystemSynchronizedRootGroup section */

/* Begin PBXFrameworksBuildPhase section */
		29FEFA5C2CFDC9F6008BC0CC /* Frameworks */ = {
			isa = PBXFrameworksBuildPhase;
			buildActionMask = 2147483647;
			files = (
			);
			runOnlyForDeploymentPostprocessing = 0;
		};
		29FEFA6E2CFDC9F8008BC0CC /* Frameworks */ = {
			isa = PBXFrameworksBuildPhase;
			buildActionMask = 2147483647;
			files = (
			);
			runOnlyForDeploymentPostprocessing = 0;
		};
		29FEFA782CFDC9F8008BC0CC /* Frameworks */ = {
			isa = PBXFrameworksBuildPhase;
			buildActionMask = 2147483647;
			files = (
			);
			runOnlyForDeploymentPostprocessing = 0;
		};
/* End PBXFrameworksBuildPhase section */

/* Begin PBXGroup section */
		29FEFA562CFDC9F6008BC0CC = {
			isa = PBXGroup;
			children = (
				29FEFA612CFDC9F6008BC0CC /* SwiftDataMVVM */,
				29FEFA742CFDC9F8008BC0CC /* SwiftDataMVVMTests */,
				29FEFA7E2CFDC9F8008BC0CC /* SwiftDataMVVMUITests */,
				29FEFA602CFDC9F6008BC0CC /* Products */,
			);
			sourceTree = "<group>";
		};
		29FEFA602CFDC9F6008BC0CC /* Products */ = {
			isa = PBXGroup;
			children = (
				29FEFA5F2CFDC9F6008BC0CC /* SwiftDataMVVM.app */,
				29FEFA712CFDC9F8008BC0CC /* SwiftDataMVVMTests.xctest */,
				29FEFA7B2CFDC9F8008BC0CC /* SwiftDataMVVMUITests.xctest */,
			);
			name = Products;
			sourceTree = "<group>";
		};
/* End PBXGroup section */

/* Begin PBXNativeTarget section */
		29FEFA5E2CFDC9F6008BC0CC /* SwiftDataMVVM */ = {
			isa = PBXNativeTarget;
			buildConfigurationList = 29FEFA852CFDC9F8008BC0CC /* Build configuration list for PBXNativeTarget "SwiftDataMVVM" */;
			buildPhases = (
				29FEFA5B2CFDC9F6008BC0CC /* Sources */,
				29FEFA5C2CFDC9F6008BC0CC /* Frameworks */,
				29FEFA5D2CFDC9F6008BC0CC /* Resources */,
			);
			buildRules = (
			);
			dependencies = (
			);
			fileSystemSynchronizedGroups = (
				29FEFA612CFDC9F6008BC0CC /* SwiftDataMVVM */,
			);
			name = SwiftDataMVVM;
			packageProductDependencies = (
			);
			productName = SwiftDataMVVM;
			productReference = 29FEFA5F2CFDC9F6008BC0CC /* SwiftDataMVVM.app */;
			productType = "com.apple.product-type.application";
		};
		29FEFA702CFDC9F8008BC0CC /* SwiftDataMVVMTests */ = {
			isa = PBXNativeTarget;
			buildConfigurationList = 29FEFA882CFDC9F8008BC0CC /* Build configuration list for PBXNativeTarget "SwiftDataMVVMTests" */;
			buildPhases = (
				29FEFA6D2CFDC9F8008BC0CC /* Sources */,
				29FEFA6E2CFDC9F8008BC0CC /* Frameworks */,
				29FEFA6F2CFDC9F8008BC0CC /* Resources */,
			);
			buildRules = (
			);
			dependencies = (
				29FEFA732CFDC9F8008BC0CC /* PBXTargetDependency */,
			);
			fileSystemSynchronizedGroups = (
				29FEFA742CFDC9F8008BC0CC /* SwiftDataMVVMTests */,
			);
			name = SwiftDataMVVMTests;
			packageProductDependencies = (
			);
			productName = SwiftDataMVVMTests;
			productReference = 29FEFA712CFDC9F8008BC0CC /* SwiftDataMVVMTests.xctest */;
			productType = "com.apple.product-type.bundle.unit-test";
		};
		29FEFA7A2CFDC9F8008BC0CC /* SwiftDataMVVMUITests */ = {
			isa = PBXNativeTarget;
			buildConfigurationList = 29FEFA8B2CFDC9F8008BC0CC /* Build configuration list for PBXNativeTarget "SwiftDataMVVMUITests" */;
			buildPhases = (
				29FEFA772CFDC9F8008BC0CC /* Sources */,
				29FEFA782CFDC9F8008BC0CC /* Frameworks */,
				29FEFA792CFDC9F8008BC0CC /* Resources */,
			);
			buildRules = (
			);
			dependencies = (
				29FEFA7D2CFDC9F8008BC0CC /* PBXTargetDependency */,
			);
			fileSystemSynchronizedGroups = (
				29FEFA7E2CFDC9F8008BC0CC /* SwiftDataMVVMUITests */,
			);
			name = SwiftDataMVVMUITests;
			packageProductDependencies = (
			);
			productName = SwiftDataMVVMUITests;
			productReference = 29FEFA7B2CFDC9F8008BC0CC /* SwiftDataMVVMUITests.xctest */;
			productType = "com.apple.product-type.bundle.ui-testing";
		};
/* End PBXNativeTarget section */

/* Begin PBXProject section */
		29FEFA572CFDC9F6008BC0CC /* Project object */ = {
			isa = PBXProject;
			attributes = {
				BuildIndependentTargetsInParallel = 1;
				LastSwiftUpdateCheck = 1610;
				LastUpgradeCheck = 1610;
				TargetAttributes = {
					29FEFA5E2CFDC9F6008BC0CC = {
						CreatedOnToolsVersion = 16.1;
					};
					29FEFA702CFDC9F8008BC0CC = {
						CreatedOnToolsVersion = 16.1;
						TestTargetID = 29FEFA5E2CFDC9F6008BC0CC;
					};
					29FEFA7A2CFDC9F8008BC0CC = {
						CreatedOnToolsVersion = 16.1;
						TestTargetID = 29FEFA5E2CFDC9F6008BC0CC;
					};
				};
			};
			buildConfigurationList = 29FEFA5A2CFDC9F6008BC0CC /* Build configuration list for PBXProject "SwiftDataMVVM" */;
			developmentRegion = en;
			hasScannedForEncodings = 0;
			knownRegions = (
				en,
				Base,
			);
			mainGroup = 29FEFA562CFDC9F6008BC0CC;
			minimizedProjectReferenceProxies = 1;
			preferredProjectObjectVersion = 77;
			productRefGroup = 29FEFA602CFDC9F6008BC0CC /* Products */;
			projectDirPath = "";
			projectRoot = "";
			targets = (
				29FEFA5E2CFDC9F6008BC0CC /* SwiftDataMVVM */,
				29FEFA702CFDC9F8008BC0CC /* SwiftDataMVVMTests */,
				29FEFA7A2CFDC9F8008BC0CC /* SwiftDataMVVMUITests */,
			);
		};
/* End PBXProject section */

/* Begin PBXResourcesBuildPhase section */
		29FEFA5D2CFDC9F6008BC0CC /* Resources */ = {
			isa = PBXResourcesBuildPhase;
			buildActionMask = 2147483647;
			files = (
			);
			runOnlyForDeploymentPostprocessing = 0;
		};
		29FEFA6F2CFDC9F8008BC0CC /* Resources */ = {
			isa = PBXResourcesBuildPhase;
			buildActionMask = 2147483647;
			files = (
			);
			runOnlyForDeploymentPostprocessing = 0;
		};
		29FEFA792CFDC9F8008BC0CC /* Resources */ = {
			isa = PBXResourcesBuildPhase;
			buildActionMask = 2147483647;
			files = (
			);
			runOnlyForDeploymentPostprocessing = 0;
		};
/* End PBXResourcesBuildPhase section */

/* Begin PBXSourcesBuildPhase section */
		29FEFA5B2CFDC9F6008BC0CC /* Sources */ = {
			isa = PBXSourcesBuildPhase;
			buildActionMask = 2147483647;
			files = (
			);
			runOnlyForDeploymentPostprocessing = 0;
		};
		29FEFA6D2CFDC9F8008BC0CC /* Sources */ = {
			isa = PBXSourcesBuildPhase;
			buildActionMask = 2147483647;
			files = (
			);
			runOnlyForDeploymentPostprocessing = 0;
		};
		29FEFA772CFDC9F8008BC0CC /* Sources */ = {
			isa = PBXSourcesBuildPhase;
			buildActionMask = 2147483647;
			files = (
			);
			runOnlyForDeploymentPostprocessing = 0;
		};
/* End PBXSourcesBuildPhase section */

/* Begin PBXTargetDependency section */
		29FEFA732CFDC9F8008BC0CC /* PBXTargetDependency */ = {
			isa = PBXTargetDependency;
			target = 29FEFA5E2CFDC9F6008BC0CC /* SwiftDataMVVM */;
			targetProxy = 29FEFA722CFDC9F8008BC0CC /* PBXContainerItemProxy */;
		};
		29FEFA7D2CFDC9F8008BC0CC /* PBXTargetDependency */ = {
			isa = PBXTargetDependency;
			target = 29FEFA5E2CFDC9F6008BC0CC /* SwiftDataMVVM */;
			targetProxy = 29FEFA7C2CFDC9F8008BC0CC /* PBXContainerItemProxy */;
		};
/* End PBXTargetDependency section */

/* Begin XCBuildConfiguration section */
		29FEFA832CFDC9F8008BC0CC /* Debug */ = {
			isa = XCBuildConfiguration;
			buildSettings = {
				ALWAYS_SEARCH_USER_PATHS = NO;
				ASSETCATALOG_COMPILER_GENERATE_SWIFT_ASSET_SYMBOL_EXTENSIONS = YES;
				CLANG_ANALYZER_NONNULL = YES;
				CLANG_ANALYZER_NUMBER_OBJECT_CONVERSION = YES_AGGRESSIVE;
				CLANG_CXX_LANGUAGE_STANDARD = "gnu++20";
				CLANG_ENABLE_MODULES = YES;
				CLANG_ENABLE_OBJC_ARC = YES;
				CLANG_ENABLE_OBJC_WEAK = YES;
				CLANG_WARN_BLOCK_CAPTURE_AUTORELEASING = YES;
				CLANG_WARN_BOOL_CONVERSION = YES;
				CLANG_WARN_COMMA = YES;
				CLANG_WARN_CONSTANT_CONVERSION = YES;
				CLANG_WARN_DEPRECATED_OBJC_IMPLEMENTATIONS = YES;
				CLANG_WARN_DIRECT_OBJC_ISA_USAGE = YES_ERROR;
				CLANG_WARN_DOCUMENTATION_COMMENTS = YES;
				CLANG_WARN_EMPTY_BODY = YES;
				CLANG_WARN_ENUM_CONVERSION = YES;
				CLANG_WARN_INFINITE_RECURSION = YES;
				CLANG_WARN_INT_CONVERSION = YES;
				CLANG_WARN_NON_LITERAL_NULL_CONVERSION = YES;
				CLANG_WARN_OBJC_IMPLICIT_RETAIN_SELF = YES;
				CLANG_WARN_OBJC_LITERAL_CONVERSION = YES;
				CLANG_WARN_OBJC_ROOT_CLASS = YES_ERROR;
				CLANG_WARN_QUOTED_INCLUDE_IN_FRAMEWORK_HEADER = YES;
				CLANG_WARN_RANGE_LOOP_ANALYSIS = YES;
				CLANG_WARN_STRICT_PROTOTYPES = YES;
				CLANG_WARN_SUSPICIOUS_MOVE = YES;
				CLANG_WARN_UNGUARDED_AVAILABILITY = YES_AGGRESSIVE;
				CLANG_WARN_UNREACHABLE_CODE = YES;
				CLANG_WARN__DUPLICATE_METHOD_MATCH = YES;
				COPY_PHASE_STRIP = NO;
				DEBUG_INFORMATION_FORMAT = dwarf;
				ENABLE_STRICT_OBJC_MSGSEND = YES;
				ENABLE_TESTABILITY = YES;
				ENABLE_USER_SCRIPT_SANDBOXING = YES;
				GCC_C_LANGUAGE_STANDARD = gnu17;
				GCC_DYNAMIC_NO_PIC = NO;
				GCC_NO_COMMON_BLOCKS = YES;
				GCC_OPTIMIZATION_LEVEL = 0;
				GCC_PREPROCESSOR_DEFINITIONS = (
					"DEBUG=1",
					"$(inherited)",
				);
				GCC_WARN_64_TO_32_BIT_CONVERSION = YES;
				GCC_WARN_ABOUT_RETURN_TYPE = YES_ERROR;
				GCC_WARN_UNDECLARED_SELECTOR = YES;
				GCC_WARN_UNINITIALIZED_AUTOS = YES_AGGRESSIVE;
				GCC_WARN_UNUSED_FUNCTION = YES;
				GCC_WARN_UNUSED_VARIABLE = YES;
				IPHONEOS_DEPLOYMENT_TARGET = 18.1;
				LOCALIZATION_PREFERS_STRING_CATALOGS = YES;
				MTL_ENABLE_DEBUG_INFO = INCLUDE_SOURCE;
				MTL_FAST_MATH = YES;
				ONLY_ACTIVE_ARCH = YES;
				SDKROOT = iphoneos;
				SWIFT_ACTIVE_COMPILATION_CONDITIONS = "DEBUG $(inherited)";
				SWIFT_OPTIMIZATION_LEVEL = "-Onone";
			};
			name = Debug;
		};
		29FEFA842CFDC9F8008BC0CC /* Release */ = {
			isa = XCBuildConfiguration;
			buildSettings = {
				ALWAYS_SEARCH_USER_PATHS = NO;
				ASSETCATALOG_COMPILER_GENERATE_SWIFT_ASSET_SYMBOL_EXTENSIONS = YES;
				CLANG_ANALYZER_NONNULL = YES;
				CLANG_ANALYZER_NUMBER_OBJECT_CONVERSION = YES_AGGRESSIVE;
				CLANG_CXX_LANGUAGE_STANDARD = "gnu++20";
				CLANG_ENABLE_MODULES = YES;
				CLANG_ENABLE_OBJC_ARC = YES;
				CLANG_ENABLE_OBJC_WEAK = YES;
				CLANG_WARN_BLOCK_CAPTURE_AUTORELEASING = YES;
				CLANG_WARN_BOOL_CONVERSION = YES;
				CLANG_WARN_COMMA = YES;
				CLANG_WARN_CONSTANT_CONVERSION = YES;
				CLANG_WARN_DEPRECATED_OBJC_IMPLEMENTATIONS = YES;
				CLANG_WARN_DIRECT_OBJC_ISA_USAGE = YES_ERROR;
				CLANG_WARN_DOCUMENTATION_COMMENTS = YES;
				CLANG_WARN_EMPTY_BODY = YES;
				CLANG_WARN_ENUM_CONVERSION = YES;
				CLANG_WARN_INFINITE_RECURSION = YES;
				CLANG_WARN_INT_CONVERSION = YES;
				CLANG_WARN_NON_LITERAL_NULL_CONVERSION = YES;
				CLANG_WARN_OBJC_IMPLICIT_RETAIN_SELF = YES;
				CLANG_WARN_OBJC_LITERAL_CONVERSION = YES;
				CLANG_WARN_OBJC_ROOT_CLASS = YES_ERROR;
				CLANG_WARN_QUOTED_INCLUDE_IN_FRAMEWORK_HEADER = YES;
				CLANG_WARN_RANGE_LOOP_ANALYSIS = YES;
				CLANG_WARN_STRICT_PROTOTYPES = YES;
				CLANG_WARN_SUSPICIOUS_MOVE = YES;
				CLANG_WARN_UNGUARDED_AVAILABILITY = YES_AGGRESSIVE;
				CLANG_WARN_UNREACHABLE_CODE = YES;
				CLANG_WARN__DUPLICATE_METHOD_MATCH = YES;
				COPY_PHASE_STRIP = NO;
				DEBUG_INFORMATION_FORMAT = "dwarf-with-dsym";
				ENABLE_NS_ASSERTIONS = NO;
				ENABLE_STRICT_OBJC_MSGSEND = YES;
				ENABLE_USER_SCRIPT_SANDBOXING = YES;
				GCC_C_LANGUAGE_STANDARD = gnu17;
				GCC_NO_COMMON_BLOCKS = YES;
				GCC_WARN_64_TO_32_BIT_CONVERSION = YES;
				GCC_WARN_ABOUT_RETURN_TYPE = YES_ERROR;
				GCC_WARN_UNDECLARED_SELECTOR = YES;
				GCC_WARN_UNINITIALIZED_AUTOS = YES_AGGRESSIVE;
				GCC_WARN_UNUSED_FUNCTION = YES;
				GCC_WARN_UNUSED_VARIABLE = YES;
				IPHONEOS_DEPLOYMENT_TARGET = 18.1;
				LOCALIZATION_PREFERS_STRING_CATALOGS = YES;
				MTL_ENABLE_DEBUG_INFO = NO;
				MTL_FAST_MATH = YES;
				SDKROOT = iphoneos;
				SWIFT_COMPILATION_MODE = wholemodule;
				VALIDATE_PRODUCT = YES;
			};
			name = Release;
		};
		29FEFA862CFDC9F8008BC0CC /* Debug */ = {
			isa = XCBuildConfiguration;
			buildSettings = {
				ASSETCATALOG_COMPILER_APPICON_NAME = AppIcon;
				ASSETCATALOG_COMPILER_GLOBAL_ACCENT_COLOR_NAME = AccentColor;
				CODE_SIGN_STYLE = Automatic;
				CURRENT_PROJECT_VERSION = 1;
				DEVELOPMENT_ASSET_PATHS = "\"SwiftDataMVVM/Preview Content\"";
				DEVELOPMENT_TEAM = GSCC496WWN;
				ENABLE_PREVIEWS = YES;
				GENERATE_INFOPLIST_FILE = YES;
				INFOPLIST_KEY_UIApplicationSceneManifest_Generation = YES;
				INFOPLIST_KEY_UIApplicationSupportsIndirectInputEvents = YES;
				INFOPLIST_KEY_UILaunchScreen_Generation = YES;
				INFOPLIST_KEY_UISupportedInterfaceOrientations_iPad = "UIInterfaceOrientationPortrait UIInterfaceOrientationPortraitUpsideDown UIInterfaceOrientationLandscapeLeft UIInterfaceOrientationLandscapeRight";
				INFOPLIST_KEY_UISupportedInterfaceOrientations_iPhone = "UIInterfaceOrientationPortrait UIInterfaceOrientationLandscapeLeft UIInterfaceOrientationLandscapeRight";
				LD_RUNPATH_SEARCH_PATHS = (
					"$(inherited)",
					"@executable_path/Frameworks",
				);
				MARKETING_VERSION = 1.0;
				PRODUCT_BUNDLE_IDENTIFIER = com.musdevpro.SwiftDataMVVM;
				PRODUCT_NAME = "$(TARGET_NAME)";
				SWIFT_EMIT_LOC_STRINGS = YES;
				SWIFT_VERSION = 5.0;
				TARGETED_DEVICE_FAMILY = "1,2";
			};
			name = Debug;
		};
		29FEFA872CFDC9F8008BC0CC /* Release */ = {
			isa = XCBuildConfiguration;
			buildSettings = {
				ASSETCATALOG_COMPILER_APPICON_NAME = AppIcon;
				ASSETCATALOG_COMPILER_GLOBAL_ACCENT_COLOR_NAME = AccentColor;
				CODE_SIGN_STYLE = Automatic;
				CURRENT_PROJECT_VERSION = 1;
				DEVELOPMENT_ASSET_PATHS = "\"SwiftDataMVVM/Preview Content\"";
				DEVELOPMENT_TEAM = GSCC496WWN;
				ENABLE_PREVIEWS = YES;
				GENERATE_INFOPLIST_FILE = YES;
				INFOPLIST_KEY_UIApplicationSceneManifest_Generation = YES;
				INFOPLIST_KEY_UIApplicationSupportsIndirectInputEvents = YES;
				INFOPLIST_KEY_UILaunchScreen_Generation = YES;
				INFOPLIST_KEY_UISupportedInterfaceOrientations_iPad = "UIInterfaceOrientationPortrait UIInterfaceOrientationPortraitUpsideDown UIInterfaceOrientationLandscapeLeft UIInterfaceOrientationLandscapeRight";
				INFOPLIST_KEY_UISupportedInterfaceOrientations_iPhone = "UIInterfaceOrientationPortrait UIInterfaceOrientationLandscapeLeft UIInterfaceOrientationLandscapeRight";
				LD_RUNPATH_SEARCH_PATHS = (
					"$(inherited)",
					"@executable_path/Frameworks",
				);
				MARKETING_VERSION = 1.0;
				PRODUCT_BUNDLE_IDENTIFIER = com.musdevpro.SwiftDataMVVM;
				PRODUCT_NAME = "$(TARGET_NAME)";
				SWIFT_EMIT_LOC_STRINGS = YES;
				SWIFT_VERSION = 5.0;
				TARGETED_DEVICE_FAMILY = "1,2";
			};
			name = Release;
		};
		29FEFA892CFDC9F8008BC0CC /* Debug */ = {
			isa = XCBuildConfiguration;
			buildSettings = {
				BUNDLE_LOADER = "$(TEST_HOST)";
				CODE_SIGN_STYLE = Automatic;
				CURRENT_PROJECT_VERSION = 1;
				DEVELOPMENT_TEAM = GSCC496WWN;
				GENERATE_INFOPLIST_FILE = YES;
				IPHONEOS_DEPLOYMENT_TARGET = 18.1;
				MARKETING_VERSION = 1.0;
				PRODUCT_BUNDLE_IDENTIFIER = com.musdevpro.SwiftDataMVVMTests;
				PRODUCT_NAME = "$(TARGET_NAME)";
				SWIFT_EMIT_LOC_STRINGS = NO;
				SWIFT_VERSION = 5.0;
				TARGETED_DEVICE_FAMILY = "1,2";
				TEST_HOST = "$(BUILT_PRODUCTS_DIR)/SwiftDataMVVM.app/$(BUNDLE_EXECUTABLE_FOLDER_PATH)/SwiftDataMVVM";
			};
			name = Debug;
		};
		29FEFA8A2CFDC9F8008BC0CC /* Release */ = {
			isa = XCBuildConfiguration;
			buildSettings = {
				BUNDLE_LOADER = "$(TEST_HOST)";
				CODE_SIGN_STYLE = Automatic;
				CURRENT_PROJECT_VERSION = 1;
				DEVELOPMENT_TEAM = GSCC496WWN;
				GENERATE_INFOPLIST_FILE = YES;
				IPHONEOS_DEPLOYMENT_TARGET = 18.1;
				MARKETING_VERSION = 1.0;
				PRODUCT_BUNDLE_IDENTIFIER = com.musdevpro.SwiftDataMVVMTests;
				PRODUCT_NAME = "$(TARGET_NAME)";
				SWIFT_EMIT_LOC_STRINGS = NO;
				SWIFT_VERSION = 5.0;
				TARGETED_DEVICE_FAMILY = "1,2";
				TEST_HOST = "$(BUILT_PRODUCTS_DIR)/SwiftDataMVVM.app/$(BUNDLE_EXECUTABLE_FOLDER_PATH)/SwiftDataMVVM";
			};
			name = Release;
		};
		29FEFA8C2CFDC9F8008BC0CC /* Debug */ = {
			isa = XCBuildConfiguration;
			buildSettings = {
				CODE_SIGN_STYLE = Automatic;
				CURRENT_PROJECT_VERSION = 1;
				DEVELOPMENT_TEAM = GSCC496WWN;
				GENERATE_INFOPLIST_FILE = YES;
				MARKETING_VERSION = 1.0;
				PRODUCT_BUNDLE_IDENTIFIER = com.musdevpro.SwiftDataMVVMUITests;
				PRODUCT_NAME = "$(TARGET_NAME)";
				SWIFT_EMIT_LOC_STRINGS = NO;
				SWIFT_VERSION = 5.0;
				TARGETED_DEVICE_FAMILY = "1,2";
				TEST_TARGET_NAME = SwiftDataMVVM;
			};
			name = Debug;
		};
		29FEFA8D2CFDC9F8008BC0CC /* Release */ = {
			isa = XCBuildConfiguration;
			buildSettings = {
				CODE_SIGN_STYLE = Automatic;
				CURRENT_PROJECT_VERSION = 1;
				DEVELOPMENT_TEAM = GSCC496WWN;
				GENERATE_INFOPLIST_FILE = YES;
				MARKETING_VERSION = 1.0;
				PRODUCT_BUNDLE_IDENTIFIER = com.musdevpro.SwiftDataMVVMUITests;
				PRODUCT_NAME = "$(TARGET_NAME)";
				SWIFT_EMIT_LOC_STRINGS = NO;
				SWIFT_VERSION = 5.0;
				TARGETED_DEVICE_FAMILY = "1,2";
				TEST_TARGET_NAME = SwiftDataMVVM;
			};
			name = Release;
		};
/* End XCBuildConfiguration section */

/* Begin XCConfigurationList section */
		29FEFA5A2CFDC9F6008BC0CC /* Build configuration list for PBXProject "SwiftDataMVVM" */ = {
			isa = XCConfigurationList;
			buildConfigurations = (
				29FEFA832CFDC9F8008BC0CC /* Debug */,
				29FEFA842CFDC9F8008BC0CC /* Release */,
			);
			defaultConfigurationIsVisible = 0;
			defaultConfigurationName = Release;
		};
		29FEFA852CFDC9F8008BC0CC /* Build configuration list for PBXNativeTarget "SwiftDataMVVM" */ = {
			isa = XCConfigurationList;
			buildConfigurations = (
				29FEFA862CFDC9F8008BC0CC /* Debug */,
				29FEFA872CFDC9F8008BC0CC /* Release */,
			);
			defaultConfigurationIsVisible = 0;
			defaultConfigurationName = Release;
		};
		29FEFA882CFDC9F8008BC0CC /* Build configuration list for PBXNativeTarget "SwiftDataMVVMTests" */ = {
			isa = XCConfigurationList;
			buildConfigurations = (
				29FEFA892CFDC9F8008BC0CC /* Debug */,
				29FEFA8A2CFDC9F8008BC0CC /* Release */,
			);
			defaultConfigurationIsVisible = 0;
			defaultConfigurationName = Release;
		};
		29FEFA8B2CFDC9F8008BC0CC /* Build configuration list for PBXNativeTarget "SwiftDataMVVMUITests" */ = {
			isa = XCConfigurationList;
			buildConfigurations = (
				29FEFA8C2CFDC9F8008BC0CC /* Debug */,
				29FEFA8D2CFDC9F8008BC0CC /* Release */,
			);
			defaultConfigurationIsVisible = 0;
			defaultConfigurationName = Release;
		};
/* End XCConfigurationList section */
	};
	rootObject = 29FEFA572CFDC9F6008BC0CC /* Project object */;
}
